
Microsoft Visual Studio Solution File, Format Version 12.00
# Visual Studio Version 17
VisualStudioVersion = 17.8.34330.188
MinimumVisualStudioVersion = 10.0.40219.1
Project("{FAE04EC0-301F-11D3-BF4B-00C04F79EFBC}") = "Telefonsalg", "Telefonsalg\Telefonsalg.csproj", "{06B0BB9C-2517-4857-A181-30A19B382DFC}"
EndProject
Global
	GlobalSection(SolutionConfigurationPlatforms) = preSolution
		Debug|Any CPU = Debug|Any CPU
		Release|Any CPU = Release|Any CPU
	EndGlobalSection
	GlobalSection(ProjectConfigurationPlatforms) = postSolution
		{06B0BB9C-2517-4857-A181-30A19B382DFC}.Debug|Any CPU.ActiveCfg = Debug|Any CPU
		{06B0BB9C-2517-4857-A181-30A19B382DFC}.Debug|Any CPU.Build.0 = Debug|Any CPU
		{06B0BB9C-2517-4857-A181-30A19B382DFC}.Release|Any CPU.ActiveCfg = Release|Any CPU
		{06B0BB9C-2517-4857-A181-30A19B382DFC}.Release|Any CPU.Build.0 = Release|Any CPU
	EndGlobalSection
	GlobalSection(SolutionProperties) = preSolution
		HideSolutionNode = FALSE
	EndGlobalSection
	GlobalSection(ExtensibilityGlobals) = postSolution
		SolutionGuid = {4267653E-E9F8-44B4-AC81-27FDDFAB1647}
	EndGlobalSection
EndGlobal
